
Microsoft Visual Studio Solution File, Format Version 12.00
# Visual Studio Version 17
VisualStudioVersion = 17.0.32014.148
MinimumVisualStudioVersion = 10.0.40219.1
Project("{FAE04EC0-301F-11D3-BF4B-00C04F79EFBC}") = "MediatR_Demo", "MediatR_Demo\MediatR_Demo.csproj", "{40AF7C5A-7DFD-452F-BB6F-47E42F59F27D}"
EndProject
Global
	GlobalSection(SolutionConfigurationPlatforms) = preSolution
		Debug|Any CPU = Debug|Any CPU
		Release|Any CPU = Release|Any CPU
	EndGlobalSection
	GlobalSection(ProjectConfigurationPlatforms) = postSolution
		{40AF7C5A-7DFD-452F-BB6F-47E42F59F27D}.Debug|Any CPU.ActiveCfg = Debug|Any CPU
		{40AF7C5A-7DFD-452F-BB6F-47E42F59F27D}.Debug|Any CPU.Build.0 = Debug|Any CPU
		{40AF7C5A-7DFD-452F-BB6F-47E42F59F27D}.Release|Any CPU.ActiveCfg = Release|Any CPU
		{40AF7C5A-7DFD-452F-BB6F-47E42F59F27D}.Release|Any CPU.Build.0 = Release|Any CPU
	EndGlobalSection
	GlobalSection(SolutionProperties) = preSolution
		HideSolutionNode = FALSE
	EndGlobalSection
	GlobalSection(ExtensibilityGlobals) = postSolution
		SolutionGuid = {932BD9F0-738E-40A5-8E0B-276918C9FF07}
	EndGlobalSection
EndGlobal
